
Microsoft Visual Studio Solution File, Format Version 12.00
Project("{FAE04EC0-301F-11D3-BF4B-00C04F79EFBC}") = "Emu.Tests", "Emu.Tests\Emu.Tests.csproj", "{9A7504EA-500C-471E-9DE0-118E8C27B8F1}"
EndProject
Project("{FAE04EC0-301F-11D3-BF4B-00C04F79EFBC}") = "Emu", "Emu\Emu.csproj", "{9B8619B0-D191-43C0-91CB-69A4574AF3D0}"
EndProject
Global
	GlobalSection(SolutionConfigurationPlatforms) = preSolution
		Debug|Any CPU = Debug|Any CPU
		Release|Any CPU = Release|Any CPU
	EndGlobalSection
	GlobalSection(ProjectConfigurationPlatforms) = postSolution
		{9A7504EA-500C-471E-9DE0-118E8C27B8F1}.Debug|Any CPU.ActiveCfg = Debug|Any CPU
		{9A7504EA-500C-471E-9DE0-118E8C27B8F1}.Debug|Any CPU.Build.0 = Debug|Any CPU
		{9A7504EA-500C-471E-9DE0-118E8C27B8F1}.Release|Any CPU.ActiveCfg = Release|Any CPU
		{9A7504EA-500C-471E-9DE0-118E8C27B8F1}.Release|Any CPU.Build.0 = Release|Any CPU
		{9B8619B0-D191-43C0-91CB-69A4574AF3D0}.Debug|Any CPU.ActiveCfg = Debug|Any CPU
		{9B8619B0-D191-43C0-91CB-69A4574AF3D0}.Debug|Any CPU.Build.0 = Debug|Any CPU
		{9B8619B0-D191-43C0-91CB-69A4574AF3D0}.Release|Any CPU.ActiveCfg = Release|Any CPU
		{9B8619B0-D191-43C0-91CB-69A4574AF3D0}.Release|Any CPU.Build.0 = Release|Any CPU
	EndGlobalSection
EndGlobal
